
Microsoft Visual Studio Solution File, Format Version 12.00
# Visual Studio 15
VisualStudioVersion = 15.0.28307.572
MinimumVisualStudioVersion = 10.0.40219.1
Project("{9A19103F-16F7-4668-BE54-9A1E7A4F7556}") = "ptPKT.WebUI", "..\src\ptPKT.WebUI\ptPKT.WebUI.csproj", "{2D60A9C5-BB91-4E54-A461-5B7AAC25431D}"
EndProject
Project("{9A19103F-16F7-4668-BE54-9A1E7A4F7556}") = "ptPKT.SharedKernel", "..\src\ptPKT.SharedKernel\ptPKT.SharedKernel.csproj", "{014F95B0-9BDA-4AEA-BD0A-0195B0AA36E9}"
EndProject
Project("{9A19103F-16F7-4668-BE54-9A1E7A4F7556}") = "ptPKT.Core", "..\src\ptPKT.Core\ptPKT.Core.csproj", "{287E59A7-3B9D-488B-BF3D-19A810D35F04}"
EndProject
Project("{9A19103F-16F7-4668-BE54-9A1E7A4F7556}") = "ptPKT.Infrastructure", "..\src\ptPKT.Infrastructure\ptPKT.Infrastructure.csproj", "{C6685C8E-2256-46A1-A464-23840A1FB62D}"
EndProject
Project("{2150E333-8FDC-42A3-9474-1A3956D46DE8}") = "tests", "tests", "{C3DE30A8-22ED-492D-9331-63C25C61B3F1}"
EndProject
Project("{9A19103F-16F7-4668-BE54-9A1E7A4F7556}") = "ptPKT.Tests", "..\tests\ptPKT.Tests\ptPKT.Tests.csproj", "{D416550E-70D8-47B4-8FDC-2C879EE33A1C}"
EndProject
Project("{9A19103F-16F7-4668-BE54-9A1E7A4F7556}") = "ptPKT.IntegrationTests", "..\tests\ptPKT.IntegrationTests\ptPKT.IntegrationTests.csproj", "{85507EC6-9138-4C77-81F4-A50DB895D7C5}"
EndProject
Project("{2150E333-8FDC-42A3-9474-1A3956D46DE8}") = "Solution Items", "Solution Items", "{31D36CD2-F225-4501-8D55-5FAD8CFAE476}"
	ProjectSection(SolutionItems) = preProject
		..\Jenkinsfile = ..\Jenkinsfile
	EndProjectSection
EndProject
Project("{2150E333-8FDC-42A3-9474-1A3956D46DE8}") = "AppointmentScheduling", "AppointmentScheduling", "{DF59A95D-706D-4001-8C07-1257A67BF78F}"
EndProject
Project("{9A19103F-16F7-4668-BE54-9A1E7A4F7556}") = "AppointmentScheduling.Core", "..\src\AppointmentScheduling\AppointmentScheduling.Core\AppointmentScheduling.Core.csproj", "{4EC217DF-5B89-4FC5-A263-9FBA4DC9AA14}"
EndProject
Project("{FAE04EC0-301F-11D3-BF4B-00C04F79EFBC}") = "ptPKT.FunctionalTests", "..\tests\ptPKT.FunctionalTests\ptPKT.FunctionalTests.csproj", "{0D735937-86EC-419E-97D3-47F0C74B020D}"
EndProject
Project("{FAE04EC0-301F-11D3-BF4B-00C04F79EFBC}") = "ptPKT.ServiceCaller", "..\src\ptPKT.ServiceCaller\ptPKT.ServiceCaller.csproj", "{82381FEB-CC7C-4948-A198-12DBA0F955E6}"
EndProject
Project("{FAE04EC0-301F-11D3-BF4B-00C04F79EFBC}") = "ptPKT.ServiceCallerTests", "ptPKT.ServiceCallerTests\ptPKT.ServiceCallerTests.csproj", "{2C492FA6-55CC-4980-B473-19AD78C6692B}"
EndProject
Global
	GlobalSection(SolutionConfigurationPlatforms) = preSolution
		Debug|Any CPU = Debug|Any CPU
		Release|Any CPU = Release|Any CPU
	EndGlobalSection
	GlobalSection(ProjectConfigurationPlatforms) = postSolution
		{2D60A9C5-BB91-4E54-A461-5B7AAC25431D}.Debug|Any CPU.ActiveCfg = Debug|Any CPU
		{2D60A9C5-BB91-4E54-A461-5B7AAC25431D}.Debug|Any CPU.Build.0 = Debug|Any CPU
		{2D60A9C5-BB91-4E54-A461-5B7AAC25431D}.Release|Any CPU.ActiveCfg = Release|Any CPU
		{2D60A9C5-BB91-4E54-A461-5B7AAC25431D}.Release|Any CPU.Build.0 = Release|Any CPU
		{014F95B0-9BDA-4AEA-BD0A-0195B0AA36E9}.Debug|Any CPU.ActiveCfg = Debug|Any CPU
		{014F95B0-9BDA-4AEA-BD0A-0195B0AA36E9}.Debug|Any CPU.Build.0 = Debug|Any CPU
		{014F95B0-9BDA-4AEA-BD0A-0195B0AA36E9}.Release|Any CPU.ActiveCfg = Release|Any CPU
		{014F95B0-9BDA-4AEA-BD0A-0195B0AA36E9}.Release|Any CPU.Build.0 = Release|Any CPU
		{287E59A7-3B9D-488B-BF3D-19A810D35F04}.Debug|Any CPU.ActiveCfg = Debug|Any CPU
		{287E59A7-3B9D-488B-BF3D-19A810D35F04}.Debug|Any CPU.Build.0 = Debug|Any CPU
		{287E59A7-3B9D-488B-BF3D-19A810D35F04}.Release|Any CPU.ActiveCfg = Release|Any CPU
		{287E59A7-3B9D-488B-BF3D-19A810D35F04}.Release|Any CPU.Build.0 = Release|Any CPU
		{C6685C8E-2256-46A1-A464-23840A1FB62D}.Debug|Any CPU.ActiveCfg = Debug|Any CPU
		{C6685C8E-2256-46A1-A464-23840A1FB62D}.Debug|Any CPU.Build.0 = Debug|Any CPU
		{C6685C8E-2256-46A1-A464-23840A1FB62D}.Release|Any CPU.ActiveCfg = Release|Any CPU
		{C6685C8E-2256-46A1-A464-23840A1FB62D}.Release|Any CPU.Build.0 = Release|Any CPU
		{D416550E-70D8-47B4-8FDC-2C879EE33A1C}.Debug|Any CPU.ActiveCfg = Debug|Any CPU
		{D416550E-70D8-47B4-8FDC-2C879EE33A1C}.Debug|Any CPU.Build.0 = Debug|Any CPU
		{D416550E-70D8-47B4-8FDC-2C879EE33A1C}.Release|Any CPU.ActiveCfg = Release|Any CPU
		{D416550E-70D8-47B4-8FDC-2C879EE33A1C}.Release|Any CPU.Build.0 = Release|Any CPU
		{85507EC6-9138-4C77-81F4-A50DB895D7C5}.Debug|Any CPU.ActiveCfg = Debug|Any CPU
		{85507EC6-9138-4C77-81F4-A50DB895D7C5}.Debug|Any CPU.Build.0 = Debug|Any CPU
		{85507EC6-9138-4C77-81F4-A50DB895D7C5}.Release|Any CPU.ActiveCfg = Release|Any CPU
		{85507EC6-9138-4C77-81F4-A50DB895D7C5}.Release|Any CPU.Build.0 = Release|Any CPU
		{4EC217DF-5B89-4FC5-A263-9FBA4DC9AA14}.Debug|Any CPU.ActiveCfg = Debug|Any CPU
		{4EC217DF-5B89-4FC5-A263-9FBA4DC9AA14}.Debug|Any CPU.Build.0 = Debug|Any CPU
		{4EC217DF-5B89-4FC5-A263-9FBA4DC9AA14}.Release|Any CPU.ActiveCfg = Release|Any CPU
		{4EC217DF-5B89-4FC5-A263-9FBA4DC9AA14}.Release|Any CPU.Build.0 = Release|Any CPU
		{0D735937-86EC-419E-97D3-47F0C74B020D}.Debug|Any CPU.ActiveCfg = Debug|Any CPU
		{0D735937-86EC-419E-97D3-47F0C74B020D}.Debug|Any CPU.Build.0 = Debug|Any CPU
		{0D735937-86EC-419E-97D3-47F0C74B020D}.Release|Any CPU.ActiveCfg = Release|Any CPU
		{0D735937-86EC-419E-97D3-47F0C74B020D}.Release|Any CPU.Build.0 = Release|Any CPU
		{82381FEB-CC7C-4948-A198-12DBA0F955E6}.Debug|Any CPU.ActiveCfg = Debug|Any CPU
		{82381FEB-CC7C-4948-A198-12DBA0F955E6}.Debug|Any CPU.Build.0 = Debug|Any CPU
		{82381FEB-CC7C-4948-A198-12DBA0F955E6}.Release|Any CPU.ActiveCfg = Release|Any CPU
		{82381FEB-CC7C-4948-A198-12DBA0F955E6}.Release|Any CPU.Build.0 = Release|Any CPU
		{2C492FA6-55CC-4980-B473-19AD78C6692B}.Debug|Any CPU.ActiveCfg = Debug|Any CPU
		{2C492FA6-55CC-4980-B473-19AD78C6692B}.Debug|Any CPU.Build.0 = Debug|Any CPU
		{2C492FA6-55CC-4980-B473-19AD78C6692B}.Release|Any CPU.ActiveCfg = Release|Any CPU
		{2C492FA6-55CC-4980-B473-19AD78C6692B}.Release|Any CPU.Build.0 = Release|Any CPU
	EndGlobalSection
	GlobalSection(SolutionProperties) = preSolution
		HideSolutionNode = FALSE
	EndGlobalSection
	GlobalSection(NestedProjects) = preSolution
		{D416550E-70D8-47B4-8FDC-2C879EE33A1C} = {C3DE30A8-22ED-492D-9331-63C25C61B3F1}
		{85507EC6-9138-4C77-81F4-A50DB895D7C5} = {C3DE30A8-22ED-492D-9331-63C25C61B3F1}
		{4EC217DF-5B89-4FC5-A263-9FBA4DC9AA14} = {DF59A95D-706D-4001-8C07-1257A67BF78F}
		{0D735937-86EC-419E-97D3-47F0C74B020D} = {C3DE30A8-22ED-492D-9331-63C25C61B3F1}
		{2C492FA6-55CC-4980-B473-19AD78C6692B} = {C3DE30A8-22ED-492D-9331-63C25C61B3F1}
	EndGlobalSection
	GlobalSection(ExtensibilityGlobals) = postSolution
		SolutionGuid = {B5D96A77-9F80-4DE6-9BAB-4DFB954E0C65}
	EndGlobalSection
EndGlobal
